
Microsoft Visual Studio Solution File, Format Version 12.00
# Visual Studio Version 16
VisualStudioVersion = 16.0.31702.278
MinimumVisualStudioVersion = 10.0.40219.1
Project("{9A19103F-16F7-4668-BE54-9A1E7A4F7556}") = "PrototypePrjEntityFramework", "PrototypePrjEntityFramework\PrototypePrjEntityFramework.csproj", "{A8F03BB2-C2EC-446D-B690-019C088A3343}"
EndProject
Global
	GlobalSection(SolutionConfigurationPlatforms) = preSolution
		Debug|Any CPU = Debug|Any CPU
		Release|Any CPU = Release|Any CPU
	EndGlobalSection
	GlobalSection(ProjectConfigurationPlatforms) = postSolution
		{A8F03BB2-C2EC-446D-B690-019C088A3343}.Debug|Any CPU.ActiveCfg = Debug|Any CPU
		{A8F03BB2-C2EC-446D-B690-019C088A3343}.Debug|Any CPU.Build.0 = Debug|Any CPU
		{A8F03BB2-C2EC-446D-B690-019C088A3343}.Release|Any CPU.ActiveCfg = Release|Any CPU
		{A8F03BB2-C2EC-446D-B690-019C088A3343}.Release|Any CPU.Build.0 = Release|Any CPU
	EndGlobalSection
	GlobalSection(SolutionProperties) = preSolution
		HideSolutionNode = FALSE
	EndGlobalSection
	GlobalSection(ExtensibilityGlobals) = postSolution
		SolutionGuid = {D40748F2-EBE2-4895-99F2-ACFF46583F0B}
	EndGlobalSection
EndGlobal
